
Microsoft Visual Studio Solution File, Format Version 12.00
# Visual Studio Version 16
VisualStudioVersion = 16.0.30002.166
MinimumVisualStudioVersion = 10.0.40219.1
Project("{FAE04EC0-301F-11D3-BF4B-00C04F79EFBC}") = "HttpTest", "HttpTest\HttpTest.csproj", "{8398275E-E777-4142-BD9F-3EDA14FCD409}"
EndProject
Project("{FAE04EC0-301F-11D3-BF4B-00C04F79EFBC}") = "HttpTestFramework", "HttpTestFramework\HttpTestFramework.csproj", "{AD3727DB-F90E-4C63-B221-EF9577A3243B}"
EndProject
Global
	GlobalSection(SolutionConfigurationPlatforms) = preSolution
		Debug|Any CPU = Debug|Any CPU
		Release|Any CPU = Release|Any CPU
	EndGlobalSection
	GlobalSection(ProjectConfigurationPlatforms) = postSolution
		{8398275E-E777-4142-BD9F-3EDA14FCD409}.Debug|Any CPU.ActiveCfg = Debug|Any CPU
		{8398275E-E777-4142-BD9F-3EDA14FCD409}.Debug|Any CPU.Build.0 = Debug|Any CPU
		{8398275E-E777-4142-BD9F-3EDA14FCD409}.Release|Any CPU.ActiveCfg = Release|Any CPU
		{8398275E-E777-4142-BD9F-3EDA14FCD409}.Release|Any CPU.Build.0 = Release|Any CPU
		{AD3727DB-F90E-4C63-B221-EF9577A3243B}.Debug|Any CPU.ActiveCfg = Debug|Any CPU
		{AD3727DB-F90E-4C63-B221-EF9577A3243B}.Debug|Any CPU.Build.0 = Debug|Any CPU
		{AD3727DB-F90E-4C63-B221-EF9577A3243B}.Release|Any CPU.ActiveCfg = Release|Any CPU
		{AD3727DB-F90E-4C63-B221-EF9577A3243B}.Release|Any CPU.Build.0 = Release|Any CPU
	EndGlobalSection
	GlobalSection(SolutionProperties) = preSolution
		HideSolutionNode = FALSE
	EndGlobalSection
	GlobalSection(ExtensibilityGlobals) = postSolution
		SolutionGuid = {8C902864-8AE4-48DF-B27D-4FAA0774DA5B}
	EndGlobalSection
EndGlobal
